
Microsoft Visual Studio Solution File, Format Version 11.00
# Visual Studio 2010
Project("{FAE04EC0-301F-11D3-BF4B-00C04F79EFBC}") = "Assembly-CSharp", "Assembly-CSharp.csproj", "{899B878C-06BB-B9BE-751A-8E94F1CF12BE}"
EndProject
Project("{FAE04EC0-301F-11D3-BF4B-00C04F79EFBC}") = "Assembly-CSharp-firstpass", "Assembly-CSharp-firstpass.csproj", "{BE52F27D-5BC0-2AE1-8715-D52E337621F9}"
EndProject
Project("{FAE04EC0-301F-11D3-BF4B-00C04F79EFBC}") = "Assembly-CSharp-Editor", "Assembly-CSharp-Editor.csproj", "{2C51FE18-86F6-3FA7-77F1-02559CAB7BAE}"
EndProject
Project("{FAE04EC0-301F-11D3-BF4B-00C04F79EFBC}") = "Assembly-CSharp-Editor-firstpass", "Assembly-CSharp-Editor-firstpass.csproj", "{6DD3DDA0-2A69-8464-CE12-BF82EBDC4D09}"
EndProject
Global
	GlobalSection(SolutionConfigurationPlatforms) = preSolution
		Debug|Any CPU = Debug|Any CPU
		Release|Any CPU = Release|Any CPU
	EndGlobalSection
	GlobalSection(ProjectConfigurationPlatforms) = postSolution
		{899B878C-06BB-B9BE-751A-8E94F1CF12BE}.Debug|Any CPU.ActiveCfg = Debug|Any CPU
		{899B878C-06BB-B9BE-751A-8E94F1CF12BE}.Debug|Any CPU.Build.0 = Debug|Any CPU
		{899B878C-06BB-B9BE-751A-8E94F1CF12BE}.Release|Any CPU.ActiveCfg = Release|Any CPU
		{899B878C-06BB-B9BE-751A-8E94F1CF12BE}.Release|Any CPU.Build.0 = Release|Any CPU
		{BE52F27D-5BC0-2AE1-8715-D52E337621F9}.Debug|Any CPU.ActiveCfg = Debug|Any CPU
		{BE52F27D-5BC0-2AE1-8715-D52E337621F9}.Debug|Any CPU.Build.0 = Debug|Any CPU
		{BE52F27D-5BC0-2AE1-8715-D52E337621F9}.Release|Any CPU.ActiveCfg = Release|Any CPU
		{BE52F27D-5BC0-2AE1-8715-D52E337621F9}.Release|Any CPU.Build.0 = Release|Any CPU
		{2C51FE18-86F6-3FA7-77F1-02559CAB7BAE}.Debug|Any CPU.ActiveCfg = Debug|Any CPU
		{2C51FE18-86F6-3FA7-77F1-02559CAB7BAE}.Debug|Any CPU.Build.0 = Debug|Any CPU
		{2C51FE18-86F6-3FA7-77F1-02559CAB7BAE}.Release|Any CPU.ActiveCfg = Release|Any CPU
		{2C51FE18-86F6-3FA7-77F1-02559CAB7BAE}.Release|Any CPU.Build.0 = Release|Any CPU
		{6DD3DDA0-2A69-8464-CE12-BF82EBDC4D09}.Debug|Any CPU.ActiveCfg = Debug|Any CPU
		{6DD3DDA0-2A69-8464-CE12-BF82EBDC4D09}.Debug|Any CPU.Build.0 = Debug|Any CPU
		{6DD3DDA0-2A69-8464-CE12-BF82EBDC4D09}.Release|Any CPU.ActiveCfg = Release|Any CPU
		{6DD3DDA0-2A69-8464-CE12-BF82EBDC4D09}.Release|Any CPU.Build.0 = Release|Any CPU
	EndGlobalSection
	GlobalSection(SolutionProperties) = preSolution
		HideSolutionNode = FALSE
	EndGlobalSection
	GlobalSection(MonoDevelopProperties) = preSolution
		StartupItem = Assembly-CSharp.csproj
	EndGlobalSection
EndGlobal
